
Microsoft Visual Studio Solution File, Format Version 12.00
# Visual Studio Version 17
VisualStudioVersion = 17.13.35919.96 d17.13
MinimumVisualStudioVersion = 10.0.40219.1
Project("{FAE04EC0-301F-11D3-BF4B-00C04F79EFBC}") = "Lexicon-Product-Site-Backend", "Lexicon-Product-Site-Backend\Lexicon-Product-Site-Backend.csproj", "{D87F4B78-3500-44C1-B554-1428DAB0EC16}"
EndProject
Global
	GlobalSection(SolutionConfigurationPlatforms) = preSolution
		Debug|Any CPU = Debug|Any CPU
		Release|Any CPU = Release|Any CPU
	EndGlobalSection
	GlobalSection(ProjectConfigurationPlatforms) = postSolution
		{D87F4B78-3500-44C1-B554-1428DAB0EC16}.Debug|Any CPU.ActiveCfg = Debug|Any CPU
		{D87F4B78-3500-44C1-B554-1428DAB0EC16}.Debug|Any CPU.Build.0 = Debug|Any CPU
		{D87F4B78-3500-44C1-B554-1428DAB0EC16}.Release|Any CPU.ActiveCfg = Release|Any CPU
		{D87F4B78-3500-44C1-B554-1428DAB0EC16}.Release|Any CPU.Build.0 = Release|Any CPU
	EndGlobalSection
	GlobalSection(SolutionProperties) = preSolution
		HideSolutionNode = FALSE
	EndGlobalSection
	GlobalSection(ExtensibilityGlobals) = postSolution
		SolutionGuid = {55D28349-01E9-4A5B-8C01-7285CD1B2289}
	EndGlobalSection
EndGlobal
